
Microsoft Visual Studio Solution File, Format Version 12.00
# Visual Studio Version 16
VisualStudioVersion = 25.0.1706.11
MinimumVisualStudioVersion = 10.0.40219.1
Project("{FAE04EC0-301F-11D3-BF4B-00C04F79EFBC}") = "PokemonReviewApp", "PokemonReviewApp\PokemonReviewApp.csproj", "{6D5A4678-9D4B-4E18-A32B-58E79E3D2D97}"
EndProject
Global
	GlobalSection(SolutionConfigurationPlatforms) = preSolution
		Debug|Any CPU = Debug|Any CPU
		Release|Any CPU = Release|Any CPU
	EndGlobalSection
	GlobalSection(ProjectConfigurationPlatforms) = postSolution
		{6D5A4678-9D4B-4E18-A32B-58E79E3D2D97}.Debug|Any CPU.ActiveCfg = Debug|Any CPU
		{6D5A4678-9D4B-4E18-A32B-58E79E3D2D97}.Debug|Any CPU.Build.0 = Debug|Any CPU
		{6D5A4678-9D4B-4E18-A32B-58E79E3D2D97}.Release|Any CPU.ActiveCfg = Release|Any CPU
		{6D5A4678-9D4B-4E18-A32B-58E79E3D2D97}.Release|Any CPU.Build.0 = Release|Any CPU
	EndGlobalSection
	GlobalSection(SolutionProperties) = preSolution
		HideSolutionNode = FALSE
	EndGlobalSection
	GlobalSection(ExtensibilityGlobals) = postSolution
		SolutionGuid = {78A63C70-5DC2-41A7-A460-AC2A06D4A25E}
	EndGlobalSection
EndGlobal
